
Microsoft Visual Studio Solution File, Format Version 12.00
# Visual Studio 15
VisualStudioVersion = 15.0.28010.2036
MinimumVisualStudioVersion = 10.0.40219.1
Project("{FAE04EC0-301F-11D3-BF4B-00C04F79EFBC}") = "LinnTestShortestWay", "LinnTestShortestWay\LinnTestShortestWay.csproj", "{B4BA7951-F71D-4734-87EF-5AB5072FD5BB}"
EndProject
Global
	GlobalSection(SolutionConfigurationPlatforms) = preSolution
		Debug|Any CPU = Debug|Any CPU
		Release|Any CPU = Release|Any CPU
	EndGlobalSection
	GlobalSection(ProjectConfigurationPlatforms) = postSolution
		{B4BA7951-F71D-4734-87EF-5AB5072FD5BB}.Debug|Any CPU.ActiveCfg = Debug|Any CPU
		{B4BA7951-F71D-4734-87EF-5AB5072FD5BB}.Debug|Any CPU.Build.0 = Debug|Any CPU
		{B4BA7951-F71D-4734-87EF-5AB5072FD5BB}.Release|Any CPU.ActiveCfg = Release|Any CPU
		{B4BA7951-F71D-4734-87EF-5AB5072FD5BB}.Release|Any CPU.Build.0 = Release|Any CPU
	EndGlobalSection
	GlobalSection(SolutionProperties) = preSolution
		HideSolutionNode = FALSE
	EndGlobalSection
	GlobalSection(ExtensibilityGlobals) = postSolution
		SolutionGuid = {BC198E9A-3233-4138-8A50-133F481F4C5F}
	EndGlobalSection
EndGlobal
